lockfileVersion: '6.0'

settings:
  autoInstallPeers: true
  excludeLinksFromLockfile: false

devDependencies:
  '@faker-js/faker':
    specifier: ^9.7.0
    version: 9.7.0

packages:

  /@faker-js/faker@9.7.0:
    resolution: {integrity: sha512-aozo5vqjCmDoXLNUJarFZx2IN/GgGaogY4TMJ6so/WLZOWpSV7fvj2dmrV6sEAnUm1O7aCrhTibjpzeDFgNqbg==}
    engines: {node: '>=18.0.0', npm: '>=9.0.0'}
    dev: true
